<?xml version="1.0" encoding="utf-8"?>
<Project ToolsVersion="4.0" xmlns="http://schemas.microsoft.com/developer/msbuild/2003">
  <ItemGroup>
    <Filter Include="Source Files">
      <UniqueIdentifier>{4FC737F1-C7A5-4376-A066-2A32D752A2FF}</UniqueIdentifier>
      <Extensions>cpp;c;cc;cxx;c++;cppm;ixx;def;odl;idl;hpj;bat;asm;asmx</Extensions>
    </Filter>
    <Filter Include="Modules">
      <UniqueIdentifier>{8fc63fe9-9e40-478d-8a2a-3d12ebdf9916}</UniqueIdentifier>
    </Filter>
  </ItemGroup>
  <ItemGroup>
    <ClCompile Include="Main.cpp">
      <Filter>Source Files</Filter>
    </ClCompile>
    <ClCompile Include="TCPServer.ixx">
      <Filter>Modules</Filter>
    </ClCompile>
    <ClCompile Include="TCPSocket.ixx">
      <Filter>Modules</Filter>
    </ClCompile>
    <ClCompile Include="ThreadPool.ixx">
      <Filter>Modules</Filter>
    </ClCompile>
    <ClCompile Include="UDPServer.ixx">
      <Filter>Modules</Filter>
    </ClCompile>
    <ClCompile Include="UDPSocket.ixx">
      <Filter>Modules</Filter>
    </ClCompile>
    <ClCompile Include="Timer.ixx">
      <Filter>Modules</Filter>
    </ClCompile>
  </ItemGroup>
</Project>