<?xml version="1.0" encoding="utf-8"?>
<Project ToolsVersion="4.0" xmlns="http://schemas.microsoft.com/developer/msbuild/2003">
  <ItemGroup>
    <Filter Include="Fichiers de ressources">
      <UniqueIdentifier>{67DA6AB6-F800-4c08-8B7A-83BB121AAD01}</UniqueIdentifier>
      <Extensions>rc;ico;cur;bmp;dlg;rc2;rct;bin;rgs;gif;jpg;jpeg;jpe;resx;tiff;tif;png;wav;mfcribbon-ms</Extensions>
    </Filter>
    <Filter Include="DebugEngine">
      <UniqueIdentifier>{dc4ef969-e7f6-4756-9109-1d4ded605e7e}</UniqueIdentifier>
    </Filter>
    <Filter Include="CoreEngine">
      <UniqueIdentifier>{687c34b4-f61a-470c-86bc-22bd0f1ca621}</UniqueIdentifier>
    </Filter>
    <Filter Include="GraphicsEngine">
      <UniqueIdentifier>{ef7228ee-0e24-4909-aa8c-5f5fc7186bed}</UniqueIdentifier>
    </Filter>
    <Filter Include="GameEngine">
      <UniqueIdentifier>{558b4453-3810-4948-9673-1307b46a9929}</UniqueIdentifier>
    </Filter>
    <Filter Include="MainEngine">
      <UniqueIdentifier>{f1b3cd43-f948-487c-8cfd-a187f3d05032}</UniqueIdentifier>
    </Filter>
    <Filter Include="NetworkEngine">
      <UniqueIdentifier>{a305cbbf-2449-4053-ae8d-7a25c92b3d1d}</UniqueIdentifier>
    </Filter>
    <Filter Include="ParserEngine">
      <UniqueIdentifier>{5f901821-c4ee-41eb-a428-2ea5c09c9a27}</UniqueIdentifier>
    </Filter>
    <Filter Include="SoundEngine">
      <UniqueIdentifier>{600fb5ab-a459-4363-bf33-28ceb451a752}</UniqueIdentifier>
    </Filter>
    <Filter Include="UIEngine">
      <UniqueIdentifier>{0e3a2cb2-d8a6-489f-9693-ff29536c1c56}</UniqueIdentifier>
    </Filter>
    <Filter Include="GameEngine\Actors">
      <UniqueIdentifier>{1fd42751-d1a8-4ee3-9a05-55e49ff20da2}</UniqueIdentifier>
    </Filter>
    <Filter Include="GameEngine\Controllers">
      <UniqueIdentifier>{31686ea4-2cea-4194-a74b-97d81449bd13}</UniqueIdentifier>
    </Filter>
    <Filter Include="GameEngine\Fighters">
      <UniqueIdentifier>{8eb97dc8-bb90-4e9d-88c3-ef1710fceb48}</UniqueIdentifier>
    </Filter>
    <Filter Include="GameEngine\Levels">
      <UniqueIdentifier>{c8dc6b90-27b8-4281-a019-cfab80e09922}</UniqueIdentifier>
    </Filter>
    <Filter Include="GameEngine\UI">
      <UniqueIdentifier>{a357cf01-e951-4743-b498-436be7e25bb0}</UniqueIdentifier>
    </Filter>
    <Filter Include="MathEngine">
      <UniqueIdentifier>{4355f74d-6923-4cdb-9efd-0821ea355040}</UniqueIdentifier>
    </Filter>
  </ItemGroup>
  <ItemGroup>
    <ClCompile Include="Engine\CoreEngine\Keyboard.cpp">
      <Filter>CoreEngine</Filter>
    </ClCompile>
    <ClCompile Include="Engine\CoreEngine\Mouse.cpp">
      <Filter>CoreEngine</Filter>
    </ClCompile>
    <ClCompile Include="Engine\CoreEngine\ThreadPool.cpp">
      <Filter>CoreEngine</Filter>
    </ClCompile>
    <ClCompile Include="Engine\CoreEngine\Timer.cpp">
      <Filter>CoreEngine</Filter>
    </ClCompile>
    <ClCompile Include="Engine\CoreEngine\Window.cpp">
      <Filter>CoreEngine</Filter>
    </ClCompile>
    <ClCompile Include="Engine\DebugEngine\ConsoleLogger.cpp">
      <Filter>DebugEngine</Filter>
    </ClCompile>
    <ClCompile Include="Engine\DebugEngine\DebugLogger.cpp">
      <Filter>DebugEngine</Filter>
    </ClCompile>
    <ClCompile Include="Engine\DebugEngine\ErrorLogger.cpp">
      <Filter>DebugEngine</Filter>
    </ClCompile>
    <ClCompile Include="Engine\DebugEngine\Logger.cpp">
      <Filter>DebugEngine</Filter>
    </ClCompile>
    <ClCompile Include="Engine\DebugEngine\LoggerManager.cpp">
      <Filter>DebugEngine</Filter>
    </ClCompile>
    <ClCompile Include="Engine\GraphicsEngine\Animation.cpp">
      <Filter>GraphicsEngine</Filter>
    </ClCompile>
    <ClCompile Include="Engine\GraphicsEngine\AnimationSystem.cpp">
      <Filter>GraphicsEngine</Filter>
    </ClCompile>
    <ClCompile Include="Engine\GraphicsEngine\AnimationTexture.cpp">
      <Filter>GraphicsEngine</Filter>
    </ClCompile>
    <ClCompile Include="Engine\GraphicsEngine\BaseModel.cpp">
      <Filter>GraphicsEngine</Filter>
    </ClCompile>
    <ClCompile Include="Engine\GraphicsEngine\BaseShader.cpp">
      <Filter>GraphicsEngine</Filter>
    </ClCompile>
    <ClCompile Include="Engine\GraphicsEngine\ColorModel.cpp">
      <Filter>GraphicsEngine</Filter>
    </ClCompile>
    <ClCompile Include="Engine\GraphicsEngine\ColorShader.cpp">
      <Filter>GraphicsEngine</Filter>
    </ClCompile>
    <ClCompile Include="Engine\GraphicsEngine\Graphics.cpp">
      <Filter>GraphicsEngine</Filter>
    </ClCompile>
    <ClCompile Include="Engine\GraphicsEngine\TextRenderer.cpp">
      <Filter>GraphicsEngine</Filter>
    </ClCompile>
    <ClCompile Include="Engine\GraphicsEngine\Texture.cpp">
      <Filter>GraphicsEngine</Filter>
    </ClCompile>
    <ClCompile Include="Engine\GraphicsEngine\TextureFactory.cpp">
      <Filter>GraphicsEngine</Filter>
    </ClCompile>
    <ClCompile Include="Engine\GraphicsEngine\TextureModel.cpp">
      <Filter>GraphicsEngine</Filter>
    </ClCompile>
    <ClCompile Include="Engine\GraphicsEngine\TextureShader.cpp">
      <Filter>GraphicsEngine</Filter>
    </ClCompile>
    <ClCompile Include="Engine\NetworkEngine\NetworkSystem.cpp">
      <Filter>NetworkEngine</Filter>
    </ClCompile>
    <ClCompile Include="Engine\ParserEngine\JSONManager.cpp">
      <Filter>ParserEngine</Filter>
    </ClCompile>
    <ClCompile Include="Engine\ParserEngine\JSONParser.cpp">
      <Filter>ParserEngine</Filter>
    </ClCompile>
    <ClCompile Include="Engine\SoundEngine\Sound.cpp">
      <Filter>SoundEngine</Filter>
    </ClCompile>
    <ClCompile Include="Engine\SoundEngine\SoundSystem.cpp">
      <Filter>SoundEngine</Filter>
    </ClCompile>
    <ClCompile Include="Engine\UIEngine\AUICanvas.cpp">
      <Filter>UIEngine</Filter>
    </ClCompile>
    <ClCompile Include="Engine\UIEngine\AUIElement.cpp">
      <Filter>UIEngine</Filter>
    </ClCompile>
    <ClCompile Include="Engine\UIEngine\UIButton.cpp">
      <Filter>UIEngine</Filter>
    </ClCompile>
    <ClCompile Include="Engine\UIEngine\UIImage.cpp">
      <Filter>UIEngine</Filter>
    </ClCompile>
    <ClCompile Include="Engine\UIEngine\UIProgressBar.cpp">
      <Filter>UIEngine</Filter>
    </ClCompile>
    <ClCompile Include="Engine\UIEngine\UIText.cpp">
      <Filter>UIEngine</Filter>
    </ClCompile>
    <ClCompile Include="Engine\UIEngine\UITextBox.cpp">
      <Filter>UIEngine</Filter>
    </ClCompile>
    <ClCompile Include="Engine\MainEngine\Actor.cpp">
      <Filter>MainEngine</Filter>
    </ClCompile>
    <ClCompile Include="Engine\MainEngine\Character.cpp">
      <Filter>MainEngine</Filter>
    </ClCompile>
    <ClCompile Include="Engine\MainEngine\Collider.cpp">
      <Filter>MainEngine</Filter>
    </ClCompile>
    <ClCompile Include="Engine\MainEngine\CollisionGroup.cpp">
      <Filter>MainEngine</Filter>
    </ClCompile>
    <ClCompile Include="Engine\MainEngine\CollisionSystem.cpp">
      <Filter>MainEngine</Filter>
    </ClCompile>
    <ClCompile Include="Engine\MainEngine\Controller.cpp">
      <Filter>MainEngine</Filter>
    </ClCompile>
    <ClCompile Include="Engine\MainEngine\Engine.cpp">
      <Filter>MainEngine</Filter>
    </ClCompile>
    <ClCompile Include="Engine\MainEngine\Game.cpp">
      <Filter>MainEngine</Filter>
    </ClCompile>
    <ClCompile Include="Engine\MainEngine\Level.cpp">
      <Filter>MainEngine</Filter>
    </ClCompile>
    <ClCompile Include="Engine\MainEngine\MovingCollider.cpp">
      <Filter>MainEngine</Filter>
    </ClCompile>
    <ClCompile Include="Engine\MainEngine\Pawn.cpp">
      <Filter>MainEngine</Filter>
    </ClCompile>
    <ClCompile Include="Engine\MainEngine\World.cpp">
      <Filter>MainEngine</Filter>
    </ClCompile>
    <ClCompile Include="Engine\GameEngine\Actors\Background.cpp">
      <Filter>GameEngine\Actors</Filter>
    </ClCompile>
    <ClCompile Include="Engine\GameEngine\Actors\SandBag.cpp">
      <Filter>GameEngine\Actors</Filter>
    </ClCompile>
    <ClCompile Include="Engine\GameEngine\Controllers\DummyController.cpp">
      <Filter>GameEngine\Controllers</Filter>
    </ClCompile>
    <ClCompile Include="Engine\GameEngine\Controllers\FightingController.cpp">
      <Filter>GameEngine\Controllers</Filter>
    </ClCompile>
    <ClCompile Include="Engine\GameEngine\Controllers\NetworkEnemyController.cpp">
      <Filter>GameEngine\Controllers</Filter>
    </ClCompile>
    <ClCompile Include="Engine\GameEngine\Controllers\PlayerController.cpp">
      <Filter>GameEngine\Controllers</Filter>
    </ClCompile>
    <ClCompile Include="Engine\GameEngine\Fighters\BaseFighter.cpp">
      <Filter>GameEngine\Fighters</Filter>
    </ClCompile>
    <ClCompile Include="Engine\GameEngine\Fighters\RoboKy.cpp">
      <Filter>GameEngine\Fighters</Filter>
    </ClCompile>
    <ClCompile Include="Engine\GameEngine\Fighters\SolBadguy.cpp">
      <Filter>GameEngine\Fighters</Filter>
    </ClCompile>
    <ClCompile Include="Engine\GameEngine\Levels\ConnectionLevel.cpp">
      <Filter>GameEngine\Levels</Filter>
    </ClCompile>
    <ClCompile Include="Engine\GameEngine\Levels\MultiPlayerCombatLevel.cpp">
      <Filter>GameEngine\Levels</Filter>
    </ClCompile>
    <ClCompile Include="Engine\GameEngine\Levels\MultiPlayerSelectionLevel.cpp">
      <Filter>GameEngine\Levels</Filter>
    </ClCompile>
    <ClCompile Include="Engine\GameEngine\Levels\SinglePlayerCombatLevel.cpp">
      <Filter>GameEngine\Levels</Filter>
    </ClCompile>
    <ClCompile Include="Engine\GameEngine\Levels\SinglePlayerSelectionLevel.cpp">
      <Filter>GameEngine\Levels</Filter>
    </ClCompile>
    <ClCompile Include="Engine\GameEngine\Levels\TitleLevel.cpp">
      <Filter>GameEngine\Levels</Filter>
    </ClCompile>
    <ClCompile Include="Engine\GameEngine\Levels\VictoryLevel.cpp">
      <Filter>GameEngine\Levels</Filter>
    </ClCompile>
    <ClCompile Include="Engine\GameEngine\UI\UICanvas_Connection.cpp">
      <Filter>GameEngine\UI</Filter>
    </ClCompile>
    <ClCompile Include="Engine\GameEngine\UI\UICanvas_MultiPlayerCombat.cpp">
      <Filter>GameEngine\UI</Filter>
    </ClCompile>
    <ClCompile Include="Engine\GameEngine\UI\UICanvas_MultiPlayerSelection.cpp">
      <Filter>GameEngine\UI</Filter>
    </ClCompile>
    <ClCompile Include="Engine\GameEngine\UI\UICanvas_SinglePlayerCombat.cpp">
      <Filter>GameEngine\UI</Filter>
    </ClCompile>
    <ClCompile Include="Engine\GameEngine\UI\UICanvas_SinglePlayerSelection.cpp">
      <Filter>GameEngine\UI</Filter>
    </ClCompile>
    <ClCompile Include="Engine\GameEngine\UI\UICanvas_Title.cpp">
      <Filter>GameEngine\UI</Filter>
    </ClCompile>
    <ClCompile Include="Engine\GameEngine\UI\UICanvas_Victory.cpp">
      <Filter>GameEngine\UI</Filter>
    </ClCompile>
    <ClCompile Include="Engine\Main.cpp" />
  </ItemGroup>
  <ItemGroup>
    <ClInclude Include="include\MathEngine\Rect.h">
      <Filter>MathEngine</Filter>
    </ClInclude>
    <ClInclude Include="include\MathEngine\Vec2D.h">
      <Filter>MathEngine</Filter>
    </ClInclude>
    <ClInclude Include="include\CoreEngine\Keyboard.h">
      <Filter>CoreEngine</Filter>
    </ClInclude>
    <ClInclude Include="include\CoreEngine\Mouse.h">
      <Filter>CoreEngine</Filter>
    </ClInclude>
    <ClInclude Include="include\CoreEngine\ThreadPool.h">
      <Filter>CoreEngine</Filter>
    </ClInclude>
    <ClInclude Include="include\CoreEngine\Timer.h">
      <Filter>CoreEngine</Filter>
    </ClInclude>
    <ClInclude Include="include\CoreEngine\Window.h">
      <Filter>CoreEngine</Filter>
    </ClInclude>
    <ClInclude Include="include\DebugEngine\ConsoleLogger.h">
      <Filter>DebugEngine</Filter>
    </ClInclude>
    <ClInclude Include="include\DebugEngine\DebugLogger.h">
      <Filter>DebugEngine</Filter>
    </ClInclude>
    <ClInclude Include="include\DebugEngine\EngineException.h">
      <Filter>DebugEngine</Filter>
    </ClInclude>
    <ClInclude Include="include\DebugEngine\ErrorLogger.h">
      <Filter>DebugEngine</Filter>
    </ClInclude>
    <ClInclude Include="include\DebugEngine\Logger.h">
      <Filter>DebugEngine</Filter>
    </ClInclude>
    <ClInclude Include="include\DebugEngine\LoggerManager.h">
      <Filter>DebugEngine</Filter>
    </ClInclude>
    <ClInclude Include="include\GraphicsEngine\Animation.h">
      <Filter>GraphicsEngine</Filter>
    </ClInclude>
    <ClInclude Include="include\GraphicsEngine\AnimationSystem.h">
      <Filter>GraphicsEngine</Filter>
    </ClInclude>
    <ClInclude Include="include\GraphicsEngine\AnimationTexture.h">
      <Filter>GraphicsEngine</Filter>
    </ClInclude>
    <ClInclude Include="include\GraphicsEngine\BaseModel.h">
      <Filter>GraphicsEngine</Filter>
    </ClInclude>
    <ClInclude Include="include\GraphicsEngine\BaseShader.h">
      <Filter>GraphicsEngine</Filter>
    </ClInclude>
    <ClInclude Include="include\GraphicsEngine\ColorModel.h">
      <Filter>GraphicsEngine</Filter>
    </ClInclude>
    <ClInclude Include="include\GraphicsEngine\ColorShader.h">
      <Filter>GraphicsEngine</Filter>
    </ClInclude>
    <ClInclude Include="include\GraphicsEngine\DirectX.h">
      <Filter>GraphicsEngine</Filter>
    </ClInclude>
    <ClInclude Include="include\GraphicsEngine\Graphics.h">
      <Filter>GraphicsEngine</Filter>
    </ClInclude>
    <ClInclude Include="include\GraphicsEngine\TextRenderer.h">
      <Filter>GraphicsEngine</Filter>
    </ClInclude>
    <ClInclude Include="include\GraphicsEngine\Texture.h">
      <Filter>GraphicsEngine</Filter>
    </ClInclude>
    <ClInclude Include="include\GraphicsEngine\TextureFactory.h">
      <Filter>GraphicsEngine</Filter>
    </ClInclude>
    <ClInclude Include="include\GraphicsEngine\TextureModel.h">
      <Filter>GraphicsEngine</Filter>
    </ClInclude>
    <ClInclude Include="include\GraphicsEngine\TextureShader.h">
      <Filter>GraphicsEngine</Filter>
    </ClInclude>
    <ClInclude Include="include\GameEngine\Actors\Background.h">
      <Filter>GameEngine\Actors</Filter>
    </ClInclude>
    <ClInclude Include="include\GameEngine\Actors\FighterCharacter.h">
      <Filter>GameEngine\Actors</Filter>
    </ClInclude>
    <ClInclude Include="include\GameEngine\Actors\SandBag.h">
      <Filter>GameEngine\Actors</Filter>
    </ClInclude>
    <ClInclude Include="include\GameEngine\Controllers\DummyController.h">
      <Filter>GameEngine\Controllers</Filter>
    </ClInclude>
    <ClInclude Include="include\GameEngine\Controllers\FightingController.h">
      <Filter>GameEngine\Controllers</Filter>
    </ClInclude>
    <ClInclude Include="include\GameEngine\Controllers\NetworkEnemyController.h">
      <Filter>GameEngine\Controllers</Filter>
    </ClInclude>
    <ClInclude Include="include\GameEngine\Controllers\PlayerController.h">
      <Filter>GameEngine\Controllers</Filter>
    </ClInclude>
    <ClInclude Include="include\GameEngine\Fighters\BaseFighter.h">
      <Filter>GameEngine\Fighters</Filter>
    </ClInclude>
    <ClInclude Include="include\GameEngine\Fighters\RoboKy.h">
      <Filter>GameEngine\Fighters</Filter>
    </ClInclude>
    <ClInclude Include="include\GameEngine\Fighters\SolBadguy.h">
      <Filter>GameEngine\Fighters</Filter>
    </ClInclude>
    <ClInclude Include="include\GameEngine\Levels\ConnectionLevel.h">
      <Filter>GameEngine\Levels</Filter>
    </ClInclude>
    <ClInclude Include="include\GameEngine\Levels\MultiPlayerCombatLevel.h">
      <Filter>GameEngine\Levels</Filter>
    </ClInclude>
    <ClInclude Include="include\GameEngine\Levels\MultiPlayerSelectionLevel.h">
      <Filter>GameEngine\Levels</Filter>
    </ClInclude>
    <ClInclude Include="include\GameEngine\Levels\SinglePlayerCombatLevel.h">
      <Filter>GameEngine\Levels</Filter>
    </ClInclude>
    <ClInclude Include="include\GameEngine\Levels\SinglePlayerSelectionLevel.h">
      <Filter>GameEngine\Levels</Filter>
    </ClInclude>
    <ClInclude Include="include\GameEngine\Levels\TitleLevel.h">
      <Filter>GameEngine\Levels</Filter>
    </ClInclude>
    <ClInclude Include="include\GameEngine\Levels\VictoryLevel.h">
      <Filter>GameEngine\Levels</Filter>
    </ClInclude>
    <ClInclude Include="include\GameEngine\UI\UICanvas_Connection.h">
      <Filter>GameEngine\UI</Filter>
    </ClInclude>
    <ClInclude Include="include\GameEngine\UI\UICanvas_MultiPlayerCombat.h">
      <Filter>GameEngine\UI</Filter>
    </ClInclude>
    <ClInclude Include="include\GameEngine\UI\UICanvas_MultiPlayerSelection.h">
      <Filter>GameEngine\UI</Filter>
    </ClInclude>
    <ClInclude Include="include\GameEngine\UI\UICanvas_SinglePlayerCombat.h">
      <Filter>GameEngine\UI</Filter>
    </ClInclude>
    <ClInclude Include="include\GameEngine\UI\UICanvas_SinglePlayerSelection.h">
      <Filter>GameEngine\UI</Filter>
    </ClInclude>
    <ClInclude Include="include\GameEngine\UI\UICanvas_Title.h">
      <Filter>GameEngine\UI</Filter>
    </ClInclude>
    <ClInclude Include="include\GameEngine\UI\UICanvas_Victory.h">
      <Filter>GameEngine\UI</Filter>
    </ClInclude>
    <ClInclude Include="include\GameEngine\Commands.h">
      <Filter>GameEngine</Filter>
    </ClInclude>
    <ClInclude Include="include\MainEngine\Actor.h">
      <Filter>MainEngine</Filter>
    </ClInclude>
    <ClInclude Include="include\MainEngine\Character.h">
      <Filter>MainEngine</Filter>
    </ClInclude>
    <ClInclude Include="include\MainEngine\Collider.h">
      <Filter>MainEngine</Filter>
    </ClInclude>
    <ClInclude Include="include\MainEngine\CollisionGroup.h">
      <Filter>MainEngine</Filter>
    </ClInclude>
    <ClInclude Include="include\MainEngine\CollisionSystem.h">
      <Filter>MainEngine</Filter>
    </ClInclude>
    <ClInclude Include="include\MainEngine\Controller.h">
      <Filter>MainEngine</Filter>
    </ClInclude>
    <ClInclude Include="include\MainEngine\Engine.h">
      <Filter>MainEngine</Filter>
    </ClInclude>
    <ClInclude Include="include\MainEngine\Game.h">
      <Filter>MainEngine</Filter>
    </ClInclude>
    <ClInclude Include="include\MainEngine\Level.h">
      <Filter>MainEngine</Filter>
    </ClInclude>
    <ClInclude Include="include\MainEngine\MovingCollider.h">
      <Filter>MainEngine</Filter>
    </ClInclude>
    <ClInclude Include="include\MainEngine\Pawn.h">
      <Filter>MainEngine</Filter>
    </ClInclude>
    <ClInclude Include="include\MainEngine\World.h">
      <Filter>MainEngine</Filter>
    </ClInclude>
    <ClInclude Include="include\NetworkEngine\NetworkSystem.h">
      <Filter>NetworkEngine</Filter>
    </ClInclude>
    <ClInclude Include="include\ParserEngine\JSONManager.h">
      <Filter>ParserEngine</Filter>
    </ClInclude>
    <ClInclude Include="include\ParserEngine\JSONParser.h">
      <Filter>ParserEngine</Filter>
    </ClInclude>
    <ClInclude Include="include\SoundEngine\Sound.h">
      <Filter>SoundEngine</Filter>
    </ClInclude>
    <ClInclude Include="include\SoundEngine\SoundSystem.h">
      <Filter>SoundEngine</Filter>
    </ClInclude>
    <ClInclude Include="include\UIEngine\AUICanvas.h">
      <Filter>UIEngine</Filter>
    </ClInclude>
    <ClInclude Include="include\UIEngine\AUIElement.h">
      <Filter>UIEngine</Filter>
    </ClInclude>
    <ClInclude Include="include\UIEngine\UIButton.h">
      <Filter>UIEngine</Filter>
    </ClInclude>
    <ClInclude Include="include\UIEngine\UIImage.h">
      <Filter>UIEngine</Filter>
    </ClInclude>
    <ClInclude Include="include\UIEngine\UIProgressBar.h">
      <Filter>UIEngine</Filter>
    </ClInclude>
    <ClInclude Include="include\UIEngine\UIText.h">
      <Filter>UIEngine</Filter>
    </ClInclude>
    <ClInclude Include="include\UIEngine\UITextBox.h">
      <Filter>UIEngine</Filter>
    </ClInclude>
  </ItemGroup>
  <ItemGroup>
    <FxCompile Include="Shaders\ColorPixelShader.hlsl">
      <Filter>Fichiers de ressources</Filter>
    </FxCompile>
    <FxCompile Include="Shaders\ColorVertexShader.hlsl">
      <Filter>Fichiers de ressources</Filter>
    </FxCompile>
    <FxCompile Include="Shaders\TexturePixelShader.hlsl">
      <Filter>Fichiers de ressources</Filter>
    </FxCompile>
    <FxCompile Include="Shaders\TextureVertexShader.hlsl">
      <Filter>Fichiers de ressources</Filter>
    </FxCompile>
  </ItemGroup>
</Project>