<?xml version="1.0" encoding="utf-8"?>
<Project ToolsVersion="4.0" xmlns="http://schemas.microsoft.com/developer/msbuild/2003">
  <ItemGroup>
    <Filter Include="Fichiers sources">
      <UniqueIdentifier>{4FC737F1-C7A5-4376-A066-2A32D752A2FF}</UniqueIdentifier>
      <Extensions>cpp;c;cc;cxx;c++;cppm;ixx;def;odl;idl;hpj;bat;asm;asmx</Extensions>
    </Filter>
    <Filter Include="Fichiers d%27en-tête">
      <UniqueIdentifier>{93995380-89BD-4b04-88EB-625FBE52EBFB}</UniqueIdentifier>
      <Extensions>h;hh;hpp;hxx;h++;hm;inl;inc;ipp;xsd</Extensions>
    </Filter>
    <Filter Include="Fichiers de ressources">
      <UniqueIdentifier>{67DA6AB6-F800-4c08-8B7A-83BB121AAD01}</UniqueIdentifier>
      <Extensions>rc;ico;cur;bmp;dlg;rc2;rct;bin;rgs;gif;jpg;jpeg;jpe;resx;tiff;tif;png;wav;mfcribbon-ms</Extensions>
    </Filter>
    <Filter Include="Fichiers d%27en-tête\WindowEngine">
      <UniqueIdentifier>{7f0e1b0d-c772-46c1-a104-c4ae1d7b135e}</UniqueIdentifier>
    </Filter>
    <Filter Include="Fichiers sources\WindowEngine">
      <UniqueIdentifier>{b1531915-367b-4364-8641-b91e2c5239e1}</UniqueIdentifier>
    </Filter>
    <Filter Include="Fichiers d%27en-tête\DebugEngine">
      <UniqueIdentifier>{e2e8781d-f0f9-4395-957b-54fdd5316223}</UniqueIdentifier>
    </Filter>
    <Filter Include="Fichiers d%27en-tête\GraphicsEngine">
      <UniqueIdentifier>{bbfdd133-0f05-4596-a8fe-66e379f6afd9}</UniqueIdentifier>
    </Filter>
    <Filter Include="Fichiers sources\GraphicsEngine">
      <UniqueIdentifier>{d164228e-2f5d-4475-a9db-1a5bbb9f71dd}</UniqueIdentifier>
    </Filter>
    <Filter Include="Fichiers d%27en-tête\MainEngine">
      <UniqueIdentifier>{01878d1c-1cf2-4961-83b8-32aeb8dd4452}</UniqueIdentifier>
    </Filter>
    <Filter Include="Fichiers sources\MainEngine">
      <UniqueIdentifier>{0855e440-ff79-4247-8e8c-596067bf09e1}</UniqueIdentifier>
    </Filter>
    <Filter Include="Fichiers d%27en-tête\SoundEngine">
      <UniqueIdentifier>{15262676-2047-4ace-85f5-3bfc0a5abe5a}</UniqueIdentifier>
    </Filter>
    <Filter Include="Fichiers sources\SoundEngine">
      <UniqueIdentifier>{99ed513b-537c-499e-9ab4-2af31d6e6b62}</UniqueIdentifier>
    </Filter>
    <Filter Include="Fichiers sources\DebugEngine">
      <UniqueIdentifier>{8f2ad688-2d0d-4751-8e74-1f04c1897fc7}</UniqueIdentifier>
    </Filter>
    <Filter Include="Fichiers d%27en-tête\MathEngine">
      <UniqueIdentifier>{4355f74d-6923-4cdb-9efd-0821ea355040}</UniqueIdentifier>
    </Filter>
    <Filter Include="Fichiers d%27en-tête\GameEngine">
      <UniqueIdentifier>{ae3dc194-dae1-4d2e-9d1e-4e63c20f938a}</UniqueIdentifier>
    </Filter>
    <Filter Include="Fichiers sources\GameEngine">
      <UniqueIdentifier>{02f9b69a-4bc2-4796-b1c5-6fa1fb8b19a1}</UniqueIdentifier>
    </Filter>
    <Filter Include="Fichiers sources\UIEngine">
      <UniqueIdentifier>{fb911d39-4cff-42c8-8488-3f5016193937}</UniqueIdentifier>
    </Filter>
    <Filter Include="Fichiers d%27en-tête\UIEngine">
      <UniqueIdentifier>{d1990d1d-8401-4229-bbbf-33f3c08e4954}</UniqueIdentifier>
    </Filter>
    <Filter Include="Fichiers d%27en-tête\NetworkEngine">
      <UniqueIdentifier>{b66f8ba8-8f58-4369-8731-bec03fb79200}</UniqueIdentifier>
    </Filter>
    <Filter Include="Fichiers sources\NetworkEngine">
      <UniqueIdentifier>{c78e4c40-716d-4bf4-855f-7c65f221173f}</UniqueIdentifier>
    </Filter>
  </ItemGroup>
  <ItemGroup>
    <ClCompile Include="Main.cpp">
      <Filter>Fichiers sources</Filter>
    </ClCompile>
    <ClCompile Include="Keyboard.cpp">
      <Filter>Fichiers sources\WindowEngine</Filter>
    </ClCompile>
    <ClCompile Include="Mouse.cpp">
      <Filter>Fichiers sources\WindowEngine</Filter>
    </ClCompile>
    <ClCompile Include="Timer.cpp">
      <Filter>Fichiers sources\WindowEngine</Filter>
    </ClCompile>
    <ClCompile Include="Window.cpp">
      <Filter>Fichiers sources\WindowEngine</Filter>
    </ClCompile>
    <ClCompile Include="Graphics.cpp">
      <Filter>Fichiers sources\GraphicsEngine</Filter>
    </ClCompile>
    <ClCompile Include="BaseShader.cpp">
      <Filter>Fichiers sources\GraphicsEngine</Filter>
    </ClCompile>
    <ClCompile Include="BaseModel.cpp">
      <Filter>Fichiers sources\GraphicsEngine</Filter>
    </ClCompile>
    <ClCompile Include="Game.cpp">
      <Filter>Fichiers sources\MainEngine</Filter>
    </ClCompile>
    <ClCompile Include="ColorModel.cpp">
      <Filter>Fichiers sources\GraphicsEngine</Filter>
    </ClCompile>
    <ClCompile Include="ColorShader.cpp">
      <Filter>Fichiers sources\GraphicsEngine</Filter>
    </ClCompile>
    <ClCompile Include="TextureShader.cpp">
      <Filter>Fichiers sources\GraphicsEngine</Filter>
    </ClCompile>
    <ClCompile Include="Texture.cpp">
      <Filter>Fichiers sources\GraphicsEngine</Filter>
    </ClCompile>
    <ClCompile Include="TextureModel.cpp">
      <Filter>Fichiers sources\GraphicsEngine</Filter>
    </ClCompile>
    <ClCompile Include="Animation.cpp">
      <Filter>Fichiers sources\GraphicsEngine</Filter>
    </ClCompile>
    <ClCompile Include="TextureFactory.cpp">
      <Filter>Fichiers sources\GraphicsEngine</Filter>
    </ClCompile>
    <ClCompile Include="Sound.cpp">
      <Filter>Fichiers sources\SoundEngine</Filter>
    </ClCompile>
    <ClCompile Include="SoundSystem.cpp">
      <Filter>Fichiers sources\SoundEngine</Filter>
    </ClCompile>
    <ClCompile Include="ConsoleLogger.cpp">
      <Filter>Fichiers sources\DebugEngine</Filter>
    </ClCompile>
    <ClCompile Include="DebugLogger.cpp">
      <Filter>Fichiers sources\DebugEngine</Filter>
    </ClCompile>
    <ClCompile Include="ErrorLogger.cpp">
      <Filter>Fichiers sources\DebugEngine</Filter>
    </ClCompile>
    <ClCompile Include="Logger.cpp">
      <Filter>Fichiers sources\DebugEngine</Filter>
    </ClCompile>
    <ClCompile Include="LoggerManager.cpp">
      <Filter>Fichiers sources\DebugEngine</Filter>
    </ClCompile>
    <ClCompile Include="JSONParser.cpp">
      <Filter>Fichiers sources\WindowEngine</Filter>
    </ClCompile>
    <ClCompile Include="ThreadPool.cpp">
      <Filter>Fichiers sources\WindowEngine</Filter>
    </ClCompile>
    <ClCompile Include="Actor.cpp">
      <Filter>Fichiers sources\MainEngine</Filter>
    </ClCompile>
    <ClCompile Include="Level.cpp">
      <Filter>Fichiers sources\MainEngine</Filter>
    </ClCompile>
    <ClCompile Include="Engine.cpp">
      <Filter>Fichiers sources\MainEngine</Filter>
    </ClCompile>
    <ClCompile Include="World.cpp">
      <Filter>Fichiers sources\MainEngine</Filter>
    </ClCompile>
    <ClCompile Include="Pawn.cpp">
      <Filter>Fichiers sources\MainEngine</Filter>
    </ClCompile>
    <ClCompile Include="Controller.cpp">
      <Filter>Fichiers sources\MainEngine</Filter>
    </ClCompile>
    <ClCompile Include="Collider.cpp">
      <Filter>Fichiers sources\MainEngine</Filter>
    </ClCompile>
    <ClCompile Include="Character.cpp">
      <Filter>Fichiers sources\MainEngine</Filter>
    </ClCompile>
    <ClCompile Include="CollisionSystem.cpp">
      <Filter>Fichiers sources\MainEngine</Filter>
    </ClCompile>
    <ClCompile Include="CollisionGroup.cpp">
      <Filter>Fichiers sources\MainEngine</Filter>
    </ClCompile>
    <ClCompile Include="MovingCollider.cpp">
      <Filter>Fichiers sources\MainEngine</Filter>
    </ClCompile>
    <ClCompile Include="AnimationTexture.cpp">
      <Filter>Fichiers sources\GraphicsEngine</Filter>
    </ClCompile>
    <ClCompile Include="AnimationSystem.cpp">
      <Filter>Fichiers sources\GraphicsEngine</Filter>
    </ClCompile>
    <ClCompile Include="Background.cpp">
      <Filter>Fichiers sources\GameEngine</Filter>
    </ClCompile>
    <ClCompile Include="BaseFighter.cpp">
      <Filter>Fichiers sources\GameEngine</Filter>
    </ClCompile>
    <ClCompile Include="CombatLevel.cpp">
      <Filter>Fichiers sources\GameEngine</Filter>
    </ClCompile>
    <ClCompile Include="PlayerController.cpp">
      <Filter>Fichiers sources\GameEngine</Filter>
    </ClCompile>
    <ClCompile Include="SandBag.cpp">
      <Filter>Fichiers sources\GameEngine</Filter>
    </ClCompile>
    <ClCompile Include="SolBadguy.cpp">
      <Filter>Fichiers sources\GameEngine</Filter>
    </ClCompile>
    <ClCompile Include="TextRenderer.cpp">
      <Filter>Fichiers sources\GraphicsEngine</Filter>
    </ClCompile>
    <ClCompile Include="AUICanvas.cpp">
      <Filter>Fichiers sources\UIEngine</Filter>
    </ClCompile>
    <ClCompile Include="AUIElement.cpp">
      <Filter>Fichiers sources\UIEngine</Filter>
    </ClCompile>
    <ClCompile Include="UIButton.cpp">
      <Filter>Fichiers sources\UIEngine</Filter>
    </ClCompile>
    <ClCompile Include="UICanvas_Combat.cpp">
      <Filter>Fichiers sources\UIEngine</Filter>
    </ClCompile>
    <ClCompile Include="UIImage.cpp">
      <Filter>Fichiers sources\UIEngine</Filter>
    </ClCompile>
    <ClCompile Include="UIProgressBar.cpp">
      <Filter>Fichiers sources\UIEngine</Filter>
    </ClCompile>
    <ClCompile Include="UIText.cpp">
      <Filter>Fichiers sources\UIEngine</Filter>
    </ClCompile>
    <ClCompile Include="RoboKy.cpp">
      <Filter>Fichiers sources\GameEngine</Filter>
    </ClCompile>
    <ClCompile Include="TitleLevel.cpp">
      <Filter>Fichiers sources\GameEngine</Filter>
    </ClCompile>
    <ClCompile Include="UICanvas_Title.cpp">
      <Filter>Fichiers sources\UIEngine</Filter>
    </ClCompile>
    <ClCompile Include="DummyController.cpp">
      <Filter>Fichiers sources\GameEngine</Filter>
    </ClCompile>
    <ClCompile Include="NetworkSystem.cpp">
      <Filter>Fichiers sources\NetworkEngine</Filter>
    </ClCompile>
  </ItemGroup>
  <ItemGroup>
    <ClInclude Include="Keyboard.h">
      <Filter>Fichiers d%27en-tête\WindowEngine</Filter>
    </ClInclude>
    <ClInclude Include="Mouse.h">
      <Filter>Fichiers d%27en-tête\WindowEngine</Filter>
    </ClInclude>
    <ClInclude Include="Timer.h">
      <Filter>Fichiers d%27en-tête\WindowEngine</Filter>
    </ClInclude>
    <ClInclude Include="Window.h">
      <Filter>Fichiers d%27en-tête\WindowEngine</Filter>
    </ClInclude>
    <ClInclude Include="EngineException.h">
      <Filter>Fichiers d%27en-tête\DebugEngine</Filter>
    </ClInclude>
    <ClInclude Include="Graphics.h">
      <Filter>Fichiers d%27en-tête\GraphicsEngine</Filter>
    </ClInclude>
    <ClInclude Include="BaseShader.h">
      <Filter>Fichiers d%27en-tête\GraphicsEngine</Filter>
    </ClInclude>
    <ClInclude Include="DirectX.h">
      <Filter>Fichiers d%27en-tête\GraphicsEngine</Filter>
    </ClInclude>
    <ClInclude Include="BaseModel.h">
      <Filter>Fichiers d%27en-tête\GraphicsEngine</Filter>
    </ClInclude>
    <ClInclude Include="Game.h">
      <Filter>Fichiers d%27en-tête\MainEngine</Filter>
    </ClInclude>
    <ClInclude Include="ColorShader.h">
      <Filter>Fichiers d%27en-tête\GraphicsEngine</Filter>
    </ClInclude>
    <ClInclude Include="ColorModel.h">
      <Filter>Fichiers d%27en-tête\GraphicsEngine</Filter>
    </ClInclude>
    <ClInclude Include="Texture.h">
      <Filter>Fichiers d%27en-tête\GraphicsEngine</Filter>
    </ClInclude>
    <ClInclude Include="TextureModel.h">
      <Filter>Fichiers d%27en-tête\GraphicsEngine</Filter>
    </ClInclude>
    <ClInclude Include="TextureShader.h">
      <Filter>Fichiers d%27en-tête\GraphicsEngine</Filter>
    </ClInclude>
    <ClInclude Include="Animation.h">
      <Filter>Fichiers d%27en-tête\GraphicsEngine</Filter>
    </ClInclude>
    <ClInclude Include="TextureFactory.h">
      <Filter>Fichiers d%27en-tête\GraphicsEngine</Filter>
    </ClInclude>
    <ClInclude Include="SoundSystem.h">
      <Filter>Fichiers d%27en-tête\SoundEngine</Filter>
    </ClInclude>
    <ClInclude Include="Sound.h">
      <Filter>Fichiers d%27en-tête\SoundEngine</Filter>
    </ClInclude>
    <ClInclude Include="ConsoleLogger.h">
      <Filter>Fichiers d%27en-tête\DebugEngine</Filter>
    </ClInclude>
    <ClInclude Include="DebugLogger.h">
      <Filter>Fichiers d%27en-tête\DebugEngine</Filter>
    </ClInclude>
    <ClInclude Include="ErrorLogger.h">
      <Filter>Fichiers d%27en-tête\DebugEngine</Filter>
    </ClInclude>
    <ClInclude Include="Logger.h">
      <Filter>Fichiers d%27en-tête\DebugEngine</Filter>
    </ClInclude>
    <ClInclude Include="LoggerManager.h">
      <Filter>Fichiers d%27en-tête\DebugEngine</Filter>
    </ClInclude>
    <ClInclude Include="JSONParser.h">
      <Filter>Fichiers d%27en-tête\WindowEngine</Filter>
    </ClInclude>
    <ClInclude Include="ThreadPool.h">
      <Filter>Fichiers d%27en-tête\WindowEngine</Filter>
    </ClInclude>
    <ClInclude Include="Actor.h">
      <Filter>Fichiers d%27en-tête\MainEngine</Filter>
    </ClInclude>
    <ClInclude Include="Engine.h">
      <Filter>Fichiers d%27en-tête\MainEngine</Filter>
    </ClInclude>
    <ClInclude Include="Level.h">
      <Filter>Fichiers d%27en-tête\MainEngine</Filter>
    </ClInclude>
    <ClInclude Include="World.h">
      <Filter>Fichiers d%27en-tête\MainEngine</Filter>
    </ClInclude>
    <ClInclude Include="Rect.h">
      <Filter>Fichiers d%27en-tête\MathEngine</Filter>
    </ClInclude>
    <ClInclude Include="Vec2D.h">
      <Filter>Fichiers d%27en-tête\MathEngine</Filter>
    </ClInclude>
    <ClInclude Include="Character.h">
      <Filter>Fichiers d%27en-tête\MainEngine</Filter>
    </ClInclude>
    <ClInclude Include="Collider.h">
      <Filter>Fichiers d%27en-tête\MainEngine</Filter>
    </ClInclude>
    <ClInclude Include="Controller.h">
      <Filter>Fichiers d%27en-tête\MainEngine</Filter>
    </ClInclude>
    <ClInclude Include="Pawn.h">
      <Filter>Fichiers d%27en-tête\MainEngine</Filter>
    </ClInclude>
    <ClInclude Include="MovingCollider.h">
      <Filter>Fichiers d%27en-tête\MainEngine</Filter>
    </ClInclude>
    <ClInclude Include="CollisionGroup.h">
      <Filter>Fichiers d%27en-tête\MainEngine</Filter>
    </ClInclude>
    <ClInclude Include="CollisionSystem.h">
      <Filter>Fichiers d%27en-tête\MainEngine</Filter>
    </ClInclude>
    <ClInclude Include="AnimationTexture.h">
      <Filter>Fichiers d%27en-tête\GraphicsEngine</Filter>
    </ClInclude>
    <ClInclude Include="AnimationSystem.h">
      <Filter>Fichiers d%27en-tête\GraphicsEngine</Filter>
    </ClInclude>
    <ClInclude Include="Commands.h">
      <Filter>Fichiers d%27en-tête\GameEngine</Filter>
    </ClInclude>
    <ClInclude Include="Background.h">
      <Filter>Fichiers d%27en-tête\GameEngine</Filter>
    </ClInclude>
    <ClInclude Include="BaseFighter.h">
      <Filter>Fichiers d%27en-tête\GameEngine</Filter>
    </ClInclude>
    <ClInclude Include="CombatLevel.h">
      <Filter>Fichiers d%27en-tête\GameEngine</Filter>
    </ClInclude>
    <ClInclude Include="FighterCharacter.h">
      <Filter>Fichiers d%27en-tête\GameEngine</Filter>
    </ClInclude>
    <ClInclude Include="PlayerController.h">
      <Filter>Fichiers d%27en-tête\GameEngine</Filter>
    </ClInclude>
    <ClInclude Include="SandBag.h">
      <Filter>Fichiers d%27en-tête\GameEngine</Filter>
    </ClInclude>
    <ClInclude Include="SolBadguy.h">
      <Filter>Fichiers d%27en-tête\GameEngine</Filter>
    </ClInclude>
    <ClInclude Include="TextRenderer.h">
      <Filter>Fichiers d%27en-tête\GraphicsEngine</Filter>
    </ClInclude>
    <ClInclude Include="AUICanvas.h">
      <Filter>Fichiers d%27en-tête\UIEngine</Filter>
    </ClInclude>
    <ClInclude Include="AUIElement.h">
      <Filter>Fichiers d%27en-tête\UIEngine</Filter>
    </ClInclude>
    <ClInclude Include="UIButton.h">
      <Filter>Fichiers d%27en-tête\UIEngine</Filter>
    </ClInclude>
    <ClInclude Include="UICanvas_Combat.h">
      <Filter>Fichiers d%27en-tête\UIEngine</Filter>
    </ClInclude>
    <ClInclude Include="UIImage.h">
      <Filter>Fichiers d%27en-tête\UIEngine</Filter>
    </ClInclude>
    <ClInclude Include="UIProgressBar.h">
      <Filter>Fichiers d%27en-tête\UIEngine</Filter>
    </ClInclude>
    <ClInclude Include="UIText.h">
      <Filter>Fichiers d%27en-tête\UIEngine</Filter>
    </ClInclude>
    <ClInclude Include="RoboKy.h">
      <Filter>Fichiers d%27en-tête\GameEngine</Filter>
    </ClInclude>
    <ClInclude Include="TitleLevel.h">
      <Filter>Fichiers d%27en-tête\GameEngine</Filter>
    </ClInclude>
    <ClInclude Include="UICanvas_Title.h">
      <Filter>Fichiers d%27en-tête\UIEngine</Filter>
    </ClInclude>
    <ClInclude Include="DummyController.h">
      <Filter>Fichiers d%27en-tête\GameEngine</Filter>
    </ClInclude>
    <ClInclude Include="NetworkSystem.h">
      <Filter>Fichiers d%27en-tête\NetworkEngine</Filter>
    </ClInclude>
  </ItemGroup>
  <ItemGroup>
    <FxCompile Include="ColorVertexShader.hlsl">
      <Filter>Fichiers de ressources</Filter>
    </FxCompile>
    <FxCompile Include="ColorPixelShader.hlsl">
      <Filter>Fichiers de ressources</Filter>
    </FxCompile>
    <FxCompile Include="TextureVertexShader.hlsl">
      <Filter>Fichiers de ressources</Filter>
    </FxCompile>
    <FxCompile Include="TexturePixelShader.hlsl">
      <Filter>Fichiers de ressources</Filter>
    </FxCompile>
  </ItemGroup>
</Project>